{
  "version": 4,
  "terraform_version": "1.12.0",
  "serial": 6,
  "lineage": "ae0bb038-524c-6540-54fb-4cdbb7f79e33",
  "outputs": {},
  "resources": [
    {
      "mode": "data",
      "type": "kamatera_datacenter",
      "name": "toronto",
      "provider": "provider[\"registry.terraform.io/kamatera/kamatera\"]",
      "instances": [
        {
          "schema_version": 0,
          "attributes": {
            "country": "Canada",
            "id": "CA-TR",
            "name": "Toronto"
          },
          "sensitive_attributes": [],
          "identity_schema_version": 0
        }
      ]
    },
    {
      "mode": "data",
      "type": "kamatera_image",
      "name": "ubuntu_1804",
      "provider": "provider[\"registry.terraform.io/kamatera/kamatera\"]",
      "instances": [
        {
          "schema_version": 0,
          "attributes": {
            "code": "22.04 64bit",
            "datacenter_id": "CA-TR",
            "id": "CA-TR:6000C29f959b953a3796673ce2c2f312",
            "os": "Ubuntu",
            "private_image_name": null
          },
          "sensitive_attributes": [],
          "identity_schema_version": 0
        }
      ]
    },
    {
      "mode": "managed",
      "type": "kamatera_network",
      "name": "my_other_private_network",
      "provider": "provider[\"registry.terraform.io/kamatera/kamatera\"]",
      "instances": [
        {
          "schema_version": 0,
          "attributes": {
            "datacenter_id": "CA-TR",
            "full_name": "lan-1260711-other-network",
            "id": "532",
            "name": "other-network",
            "network_id": 451322,
            "subnet": [
              {
                "bit": 23,
                "description": "",
                "dns1": "",
                "dns2": "",
                "gateway": "",
                "id": 187942,
                "ip": "10.0.0.0"
              }
            ]
          },
          "sensitive_attributes": [],
          "identity_schema_version": 0,
          "private": "bnVsbA==",
          "dependencies": [
            "data.kamatera_datacenter.toronto"
          ]
        }
      ]
    },
    {
      "mode": "managed",
      "type": "kamatera_network",
      "name": "my_private_network",
      "provider": "provider[\"registry.terraform.io/kamatera/kamatera\"]",
      "instances": [
        {
          "schema_version": 0,
          "attributes": {
            "datacenter_id": "CA-TR",
            "full_name": "lan-1260711-my-private-network",
            "id": "533",
            "name": "my-private-network",
            "network_id": 451327,
            "subnet": [
              {
                "bit": 23,
                "description": "my first subnet",
                "dns1": "1.2.3.4",
                "dns2": "5.6.7.8",
                "gateway": "172.16.0.100",
                "id": 187947,
                "ip": "172.16.0.0"
              },
              {
                "bit": 23,
                "description": "",
                "dns1": "",
                "dns2": "",
                "gateway": "",
                "id": 187952,
                "ip": "192.168.0.0"
              }
            ]
          },
          "sensitive_attributes": [],
          "identity_schema_version": 0,
          "private": "bnVsbA==",
          "dependencies": [
            "data.kamatera_datacenter.toronto"
          ]
        }
      ]
    },
    {
      "mode": "managed",
      "type": "kamatera_server",
      "name": "my_server",
      "provider": "provider[\"registry.terraform.io/kamatera/kamatera\"]",
      "instances": [
        {
          "schema_version": 0,
          "attributes": {
            "attached_networks": [
              {
                "ips": [
                  "104.225.142.177"
                ],
                "network": "wan-ca-tr"
              },
              {
                "ips": [
                  "192.168.0.10"
                ],
                "network": "lan-1260711-my-private-network"
              },
              {
                "ips": [
                  "10.0.0.1"
                ],
                "network": "lan-1260711-other-network"
              }
            ],
            "billing_cycle": "monthly",
            "cpu_cores": 2,
            "cpu_type": "B",
            "daily_backup": false,
            "datacenter_id": "CA-TR",
            "disk_sizes_gb": [
              15,
              20
            ],
            "generated_password": "",
            "id": "devozs01",
            "image_id": "CA-TR:6000C29f959b953a3796673ce2c2f312",
            "internal_server_id": "7ab082e7-e6cc-49a3-8578-36732ae272f6",
            "managed": false,
            "monthly_traffic_package": "t5000",
            "name": "devozs01",
            "network": [
              {
                "ip": "auto",
                "name": "wan"
              },
              {
                "ip": "192.168.0.10",
                "name": "lan-1260711-my-private-network"
              },
              {
                "ip": "auto",
                "name": "lan-1260711-other-network"
              }
            ],
            "password": "Aa123456789!",
            "power_on": true,
            "price_hourly_off": "0.036",
            "price_hourly_on": "0.036",
            "price_monthly_on": "26",
            "private_ips": [
              "192.168.0.10",
              "10.0.0.1"
            ],
            "public_ips": [
              "104.225.142.177"
            ],
            "ram_mb": 2048,
            "ssh_pubkey": null,
            "startup_script": null
          },
          "sensitive_attributes": [
            [
              {
                "type": "get_attr",
                "value": "generated_password"
              }
            ],
            [
              {
                "type": "get_attr",
                "value": "password"
              }
            ]
          ],
          "identity_schema_version": 0,
          "private": "bnVsbA==",
          "dependencies": [
            "data.kamatera_datacenter.toronto",
            "data.kamatera_image.ubuntu_1804",
            "kamatera_network.my_other_private_network",
            "kamatera_network.my_private_network"
          ]
        }
      ]
    }
  ],
  "check_results": null
}
