{
  "version": 4,
  "terraform_version": "1.6.6",
  "serial": 17,
  "lineage": "ae0bb038-524c-6540-54fb-4cdbb7f79e33",
  "outputs": {},
  "resources": [
    {
      "mode": "data",
      "type": "kamatera_datacenter",
      "name": "toronto",
      "provider": "provider[\"registry.terraform.io/kamatera/kamatera\"]",
      "instances": [
        {
          "schema_version": 0,
          "attributes": {
            "country": "Israel",
            "id": "IL-HA",
            "name": "Haifa"
          },
          "sensitive_attributes": []
        }
      ]
    },
    {
      "mode": "data",
      "type": "kamatera_image",
      "name": "ubuntu_1804",
      "provider": "provider[\"registry.terraform.io/kamatera/kamatera\"]",
      "instances": [
        {
          "schema_version": 0,
          "attributes": {
            "code": "22.04 64bit",
            "datacenter_id": "IL-HA",
            "id": "IL-HA:6000C29f959b953a3796673ce2c2f312",
            "os": "Ubuntu",
            "private_image_name": null
          },
          "sensitive_attributes": []
        }
      ]
    },
    {
      "mode": "managed",
      "type": "kamatera_network",
      "name": "my_other_private_network",
      "provider": "provider[\"registry.terraform.io/kamatera/kamatera\"]",
      "instances": [
        {
          "schema_version": 0,
          "attributes": {
            "datacenter_id": "IL-HA",
            "full_name": "lan-1260711-other-network-6b67",
            "id": "343",
            "name": "other-network-6b67",
            "network_id": 451437,
            "subnet": [
              {
                "bit": 23,
                "description": "",
                "dns1": "",
                "dns2": "",
                "gateway": "",
                "id": 188072,
                "ip": "10.0.0.0"
              }
            ]
          },
          "sensitive_attributes": [],
          "private": "bnVsbA==",
          "dependencies": [
            "data.kamatera_datacenter.toronto",
            "random_id.other_suffix"
          ]
        }
      ]
    },
    {
      "mode": "managed",
      "type": "kamatera_server",
      "name": "my_server",
      "provider": "provider[\"registry.terraform.io/kamatera/kamatera\"]",
      "instances": [
        {
          "schema_version": 0,
          "attributes": {
            "attached_networks": [
              {
                "ips": [
                  "185.162.126.114"
                ],
                "network": "wan-il-ha"
              }
            ],
            "billing_cycle": "monthly",
            "cpu_cores": 2,
            "cpu_type": "B",
            "daily_backup": false,
            "datacenter_id": "IL-HA",
            "disk_sizes_gb": [
              15,
              20
            ],
            "generated_password": "",
            "id": "devozs01-7",
            "image_id": "IL-HA:6000C29f959b953a3796673ce2c2f312",
            "internal_server_id": "ad48528e-bf29-470b-858d-349daeede926",
            "managed": false,
            "monthly_traffic_package": "t5000",
            "name": "devozs01-7",
            "network": [
              {
                "ip": "auto",
                "name": "wan"
              }
            ],
            "password": "Aa123456789!",
            "power_on": true,
            "price_hourly_off": "0.036",
            "price_hourly_on": "0.036",
            "price_monthly_on": "26",
            "private_ips": [],
            "public_ips": [
              "185.162.126.114"
            ],
            "ram_mb": 2048,
            "ssh_pubkey": null,
            "startup_script": null
          },
          "sensitive_attributes": [],
          "private": "bnVsbA==",
          "dependencies": [
            "data.kamatera_datacenter.toronto",
            "data.kamatera_image.ubuntu_1804"
          ]
        }
      ]
    },
    {
      "mode": "managed",
      "type": "random_id",
      "name": "network_suffix",
      "provider": "provider[\"registry.terraform.io/hashicorp/random\"]",
      "instances": [
        {
          "schema_version": 0,
          "attributes": {
            "b64_std": "31c=",
            "b64_url": "31c",
            "byte_length": 2,
            "dec": "57175",
            "hex": "df57",
            "id": "31c",
            "keepers": null,
            "prefix": null
          },
          "sensitive_attributes": []
        }
      ]
    },
    {
      "mode": "managed",
      "type": "random_id",
      "name": "other_suffix",
      "provider": "provider[\"registry.terraform.io/hashicorp/random\"]",
      "instances": [
        {
          "schema_version": 0,
          "attributes": {
            "b64_std": "a2c=",
            "b64_url": "a2c",
            "byte_length": 2,
            "dec": "27495",
            "hex": "6b67",
            "id": "a2c",
            "keepers": null,
            "prefix": null
          },
          "sensitive_attributes": []
        }
      ]
    }
  ],
  "check_results": null
}
